{
  "dependencies": {
    "lodash": {
      "version": "2.4.1",
      "from": "lodash@~2.4.1"
    },
    "express": {
      "version": "3.4.8",
      "from": "express@~3.4.8",
      "dependencies": {
        "connect": {
          "version": "2.12.0",
          "from": "connect@2.12.0",
          "dependencies": {
            "batch": {
              "version": "0.5.0",
              "from": "batch@0.5.0"
            },
            "qs": {
              "version": "0.6.6",
              "from": "qs@0.6.6"
            },
            "bytes": {
              "version": "0.2.1",
              "from": "bytes@0.2.1"
            },
            "pause": {
              "version": "0.0.1",
              "from": "pause@0.0.1"
            },
            "uid2": {
              "version": "0.0.3",
              "from": "uid2@0.0.3"
            },
            "raw-body": {
              "version": "1.1.2",
              "from": "raw-body@1.1.2"
            },
            "negotiator": {
              "version": "0.3.0",
              "from": "negotiator@0.3.0"
            },
            "multiparty": {
              "version": "2.2.0",
              "from": "multiparty@2.2.0",
              "dependencies": {
                "readable-stream": {
                  "version": "1.1.12",
                  "from": "readable-stream@~1.1.9",
                  "resolved": "https://registry.npmjs.org/readable-stream/-/readable-stream-1.1.12.tgz",
                  "dependencies": {
                    "core-util-is": {
                      "version": "1.0.1",
                      "from": "core-util-is@~1.0.0"
                    },
                    "isarray": {
                      "version": "0.0.1",
                      "from": "isarray@0.0.1",
                      "resolved": "https://registry.npmjs.org/isarray/-/isarray-0.0.1.tgz"
                    },
                    "string_decoder": {
                      "version": "0.10.25-1",
                      "from": "string_decoder@~0.10.x"
                    },
                    "inherits": {
                      "version": "2.0.1",
                      "from": "inherits@^2.0.1"
                    }
                  }
                },
                "stream-counter": {
                  "version": "0.2.0",
                  "from": "stream-counter@~0.2.0"
                }
              }
            }
          }
        },
        "commander": {
          "version": "1.3.2",
          "from": "commander@1.3.2",
          "dependencies": {
            "keypress": {
              "version": "0.1.0",
              "from": "keypress@0.1.x"
            }
          }
        },
        "range-parser": {
          "version": "0.0.4",
          "from": "range-parser@0.0.4"
        },
        "mkdirp": {
          "version": "0.3.5",
          "from": "mkdirp@0.3.5"
        },
        "cookie": {
          "version": "0.1.0",
          "from": "cookie@0.1.0"
        },
        "buffer-crc32": {
          "version": "0.2.1",
          "from": "buffer-crc32@0.2.1"
        },
        "fresh": {
          "version": "0.2.0",
          "from": "fresh@0.2.0"
        },
        "methods": {
          "version": "0.1.0",
          "from": "methods@0.1.0"
        },
        "send": {
          "version": "0.1.4",
          "from": "send@0.1.4",
          "dependencies": {
            "mime": {
              "version": "1.2.11",
              "from": "mime@~1.2.9"
            }
          }
        },
        "cookie-signature": {
          "version": "1.0.1",
          "from": "cookie-signature@1.0.1"
        },
        "merge-descriptors": {
          "version": "0.0.1",
          "from": "merge-descriptors@0.0.1"
        },
        "debug": {
          "version": "0.8.0",
          "from": "debug@>= 0.7.3 < 1",
          "resolved": "https://registry.npmjs.org/debug/-/debug-0.8.0.tgz"
        }
      }
    },
    "socket.io": {
      "version": "0.9.16",
      "from": "socket.io@~0.9.16",
      "dependencies": {
        "socket.io-client": {
          "version": "0.9.16",
          "from": "socket.io-client@0.9.16",
          "dependencies": {
            "uglify-js": {
              "version": "1.2.5",
              "from": "uglify-js@1.2.5"
            },
            "ws": {
              "version": "0.4.31",
              "from": "ws@0.4.x",
              "dependencies": {
                "commander": {
                  "version": "0.6.1",
                  "from": "commander@~0.6.1"
                },
                "nan": {
                  "version": "0.3.2",
                  "from": "nan@~0.3.0"
                },
                "tinycolor": {
                  "version": "0.0.1",
                  "from": "tinycolor@0.x"
                },
                "options": {
                  "version": "0.0.5",
                  "from": "options@>=0.0.5"
                }
              }
            },
            "xmlhttprequest": {
              "version": "1.4.2",
              "from": "xmlhttprequest@1.4.2"
            },
            "active-x-obfuscator": {
              "version": "0.0.1",
              "from": "active-x-obfuscator@0.0.1",
              "dependencies": {
                "zeparser": {
                  "version": "0.0.5",
                  "from": "zeparser@0.0.5"
                }
              }
            }
          }
        },
        "policyfile": {
          "version": "0.0.4",
          "from": "policyfile@0.0.4"
        },
        "base64id": {
          "version": "0.1.0",
          "from": "base64id@0.1.0"
        },
        "redis": {
          "version": "0.7.3",
          "from": "redis@0.7.3"
        }
      }
    }
  }
}
